
Microsoft Visual Studio Solution File, Format Version 12.00
# Visual Studio Version 16
VisualStudioVersion = 16.0.30523.141
MinimumVisualStudioVersion = 10.0.40219.1
Project("{9A19103F-16F7-4668-BE54-9A1E7A4F7556}") = "eastermod", "eastermod.csproj", "{9F55B024-D2F3-4D3C-91CC-C5B895AAC818}"
EndProject
Global
	GlobalSection(SolutionConfigurationPlatforms) = preSolution
		Debug|Any CPU = Debug|Any CPU
		Release|Any CPU = Release|Any CPU
	EndGlobalSection
	GlobalSection(ProjectConfigurationPlatforms) = postSolution
		{9F55B024-D2F3-4D3C-91CC-C5B895AAC818}.Debug|Any CPU.ActiveCfg = Debug|Any CPU
		{9F55B024-D2F3-4D3C-91CC-C5B895AAC818}.Debug|Any CPU.Build.0 = Debug|Any CPU
		{9F55B024-D2F3-4D3C-91CC-C5B895AAC818}.Release|Any CPU.ActiveCfg = Release|Any CPU
		{9F55B024-D2F3-4D3C-91CC-C5B895AAC818}.Release|Any CPU.Build.0 = Release|Any CPU
	EndGlobalSection
	GlobalSection(SolutionProperties) = preSolution
		HideSolutionNode = FALSE
	EndGlobalSection
	GlobalSection(ExtensibilityGlobals) = postSolution
		SolutionGuid = {F763567B-75EB-4F22-93B4-73311914ACB8}
	EndGlobalSection
EndGlobal
